
Microsoft Visual Studio Solution File, Format Version 12.00
# Visual Studio Version 16
VisualStudioVersion = 16.0.34031.81
MinimumVisualStudioVersion = 10.0.40219.1
Project("{2150E333-8FDC-42A3-9474-1A3956D46DE8}") = "Task0", "Task0", "{628A7940-584E-4CC7-B714-3F7A1B194452}"
EndProject
Project("{FAE04EC0-301F-11D3-BF4B-00C04F79EFBC}") = "Tiuiu.SikachevaEA.Sprint3.Task0.V25", "Tiuiu.SikachevaEA.Sprint3.Task0.V25\Tiuiu.SikachevaEA.Sprint3.Task0.V25.csproj", "{C2310325-2880-4A95-846E-BB1225743E1A}"
EndProject
Project("{FAE04EC0-301F-11D3-BF4B-00C04F79EFBC}") = "Tiuiu.SikachevaEA.Sprint3.Task0.V25.Lib", "Tiuiu.SikachevaEA.Sprint3.Task0.V25.Lib\Tiuiu.SikachevaEA.Sprint3.Task0.V25.Lib.csproj", "{B79897D5-EB57-4A45-A415-2EA5ED65619B}"
EndProject
Project("{FAE04EC0-301F-11D3-BF4B-00C04F79EFBC}") = "Tiuiu.SikachevaEA.Sprint3.Task0.V25.Test", "Tiuiu.SikachevaEA.Sprint3.Task0.V25.Test\Tiuiu.SikachevaEA.Sprint3.Task0.V25.Test.csproj", "{C14BFB41-B8F9-451B-9387-30636F70E4E1}"
EndProject
Project("{2150E333-8FDC-42A3-9474-1A3956D46DE8}") = "Task1", "Task1", "{DA446973-2AD5-4D81-BA62-59E8754E91B6}"
EndProject
Project("{FAE04EC0-301F-11D3-BF4B-00C04F79EFBC}") = "Tiuiu.SikachevaEA.Sprint3.Task1.V4", "Tiuiu.SikachevaEA.Sprint3.Task1.V4\Tiuiu.SikachevaEA.Sprint3.Task1.V4.csproj", "{EDE01C49-721E-446F-B8C7-860EDD42F0FF}"
EndProject
Project("{FAE04EC0-301F-11D3-BF4B-00C04F79EFBC}") = "Tiuiu.SikachevaEA.Sprint3.Task1.V4.Lib", "Tiuiu.SikachevaEA.Sprint3.Task1.V4.Lib\Tiuiu.SikachevaEA.Sprint3.Task1.V4.Lib.csproj", "{97D5C8EC-CE5C-4524-AD49-6658AA3761FC}"
EndProject
Project("{FAE04EC0-301F-11D3-BF4B-00C04F79EFBC}") = "Tiuiu.SikachevaEA.Sprint3.Task1.V4.Test", "Tiuiu.SikachevaEA.Sprint3.Task1.V4.Test\Tiuiu.SikachevaEA.Sprint3.Task1.V4.Test.csproj", "{1184F7DB-0044-4917-978A-540C1C57E33E}"
EndProject
Project("{2150E333-8FDC-42A3-9474-1A3956D46DE8}") = "Task2", "Task2", "{0800A65F-A505-4E74-A152-4F1F745DEA4B}"
EndProject
Project("{FAE04EC0-301F-11D3-BF4B-00C04F79EFBC}") = "Tiuiu.SikachevaEA.Sprint3.Task2.V21", "Tiuiu.SikachevaEA.Sprint3.Task2.V21\Tiuiu.SikachevaEA.Sprint3.Task2.V21.csproj", "{7200A614-F26C-4D44-B3C5-B835777E4984}"
EndProject
Project("{FAE04EC0-301F-11D3-BF4B-00C04F79EFBC}") = "Tiuiu.SikachevaEA.Sprint3.Task2.V21.Lib", "Tiuiu.SikachevaEA.Sprint3.Task2.V21.Lib\Tiuiu.SikachevaEA.Sprint3.Task2.V21.Lib.csproj", "{A7F527DB-DE0F-4110-9584-8842C4979E19}"
EndProject
Project("{FAE04EC0-301F-11D3-BF4B-00C04F79EFBC}") = "Tiuiu.SikachevaEA.Sprint3.Task2.V21.Test", "Tiuiu.SikachevaEA.Sprint3.Task2.V21.Test\Tiuiu.SikachevaEA.Sprint3.Task2.V21.Test.csproj", "{2637220E-9446-4FFA-BA07-46C292ECF514}"
EndProject
Project("{2150E333-8FDC-42A3-9474-1A3956D46DE8}") = "Task3", "Task3", "{493A724E-8384-4296-9009-1529B2D61F60}"
EndProject
Project("{FAE04EC0-301F-11D3-BF4B-00C04F79EFBC}") = "Tiuiu.SikachevaEA.Sprint3.Task3.V25", "Tiuiu.SikachevaEA.Sprint3.Task3.V25\Tiuiu.SikachevaEA.Sprint3.Task3.V25.csproj", "{DE47F949-40EF-4329-80D7-D4AAB72087FA}"
EndProject
Project("{FAE04EC0-301F-11D3-BF4B-00C04F79EFBC}") = "Tiuiu.SikachevaEA.Sprint3.Task3.V25.Lib", "Tiuiu.SikachevaEA.Sprint3.Task3.V25.Lib\Tiuiu.SikachevaEA.Sprint3.Task3.V25.Lib.csproj", "{2D60B42F-3074-494A-938E-7594AF72A7EB}"
EndProject
Project("{FAE04EC0-301F-11D3-BF4B-00C04F79EFBC}") = "Tiuiu.SikachevaEA.Sprint3.Task3.V25.Test", "Tiuiu.SikachevaEA.Sprint3.Task3.V25.Test\Tiuiu.SikachevaEA.Sprint3.Task3.V25.Test.csproj", "{BFEAFD15-1917-4509-858B-8C33CB57C707}"
EndProject
Global
	GlobalSection(SolutionConfigurationPlatforms) = preSolution
		Debug|Any CPU = Debug|Any CPU
		Release|Any CPU = Release|Any CPU
	EndGlobalSection
	GlobalSection(ProjectConfigurationPlatforms) = postSolution
		{C2310325-2880-4A95-846E-BB1225743E1A}.Debug|Any CPU.ActiveCfg = Debug|Any CPU
		{C2310325-2880-4A95-846E-BB1225743E1A}.Debug|Any CPU.Build.0 = Debug|Any CPU
		{C2310325-2880-4A95-846E-BB1225743E1A}.Release|Any CPU.ActiveCfg = Release|Any CPU
		{C2310325-2880-4A95-846E-BB1225743E1A}.Release|Any CPU.Build.0 = Release|Any CPU
		{B79897D5-EB57-4A45-A415-2EA5ED65619B}.Debug|Any CPU.ActiveCfg = Debug|Any CPU
		{B79897D5-EB57-4A45-A415-2EA5ED65619B}.Debug|Any CPU.Build.0 = Debug|Any CPU
		{B79897D5-EB57-4A45-A415-2EA5ED65619B}.Release|Any CPU.ActiveCfg = Release|Any CPU
		{B79897D5-EB57-4A45-A415-2EA5ED65619B}.Release|Any CPU.Build.0 = Release|Any CPU
		{C14BFB41-B8F9-451B-9387-30636F70E4E1}.Debug|Any CPU.ActiveCfg = Debug|Any CPU
		{C14BFB41-B8F9-451B-9387-30636F70E4E1}.Debug|Any CPU.Build.0 = Debug|Any CPU
		{C14BFB41-B8F9-451B-9387-30636F70E4E1}.Release|Any CPU.ActiveCfg = Release|Any CPU
		{C14BFB41-B8F9-451B-9387-30636F70E4E1}.Release|Any CPU.Build.0 = Release|Any CPU
		{EDE01C49-721E-446F-B8C7-860EDD42F0FF}.Debug|Any CPU.ActiveCfg = Debug|Any CPU
		{EDE01C49-721E-446F-B8C7-860EDD42F0FF}.Debug|Any CPU.Build.0 = Debug|Any CPU
		{EDE01C49-721E-446F-B8C7-860EDD42F0FF}.Release|Any CPU.ActiveCfg = Release|Any CPU
		{EDE01C49-721E-446F-B8C7-860EDD42F0FF}.Release|Any CPU.Build.0 = Release|Any CPU
		{97D5C8EC-CE5C-4524-AD49-6658AA3761FC}.Debug|Any CPU.ActiveCfg = Debug|Any CPU
		{97D5C8EC-CE5C-4524-AD49-6658AA3761FC}.Debug|Any CPU.Build.0 = Debug|Any CPU
		{97D5C8EC-CE5C-4524-AD49-6658AA3761FC}.Release|Any CPU.ActiveCfg = Release|Any CPU
		{97D5C8EC-CE5C-4524-AD49-6658AA3761FC}.Release|Any CPU.Build.0 = Release|Any CPU
		{1184F7DB-0044-4917-978A-540C1C57E33E}.Debug|Any CPU.ActiveCfg = Debug|Any CPU
		{1184F7DB-0044-4917-978A-540C1C57E33E}.Debug|Any CPU.Build.0 = Debug|Any CPU
		{1184F7DB-0044-4917-978A-540C1C57E33E}.Release|Any CPU.ActiveCfg = Release|Any CPU
		{1184F7DB-0044-4917-978A-540C1C57E33E}.Release|Any CPU.Build.0 = Release|Any CPU
		{7200A614-F26C-4D44-B3C5-B835777E4984}.Debug|Any CPU.ActiveCfg = Debug|Any CPU
		{7200A614-F26C-4D44-B3C5-B835777E4984}.Debug|Any CPU.Build.0 = Debug|Any CPU
		{7200A614-F26C-4D44-B3C5-B835777E4984}.Release|Any CPU.ActiveCfg = Release|Any CPU
		{7200A614-F26C-4D44-B3C5-B835777E4984}.Release|Any CPU.Build.0 = Release|Any CPU
		{A7F527DB-DE0F-4110-9584-8842C4979E19}.Debug|Any CPU.ActiveCfg = Debug|Any CPU
		{A7F527DB-DE0F-4110-9584-8842C4979E19}.Debug|Any CPU.Build.0 = Debug|Any CPU
		{A7F527DB-DE0F-4110-9584-8842C4979E19}.Release|Any CPU.ActiveCfg = Release|Any CPU
		{A7F527DB-DE0F-4110-9584-8842C4979E19}.Release|Any CPU.Build.0 = Release|Any CPU
		{2637220E-9446-4FFA-BA07-46C292ECF514}.Debug|Any CPU.ActiveCfg = Debug|Any CPU
		{2637220E-9446-4FFA-BA07-46C292ECF514}.Debug|Any CPU.Build.0 = Debug|Any CPU
		{2637220E-9446-4FFA-BA07-46C292ECF514}.Release|Any CPU.ActiveCfg = Release|Any CPU
		{2637220E-9446-4FFA-BA07-46C292ECF514}.Release|Any CPU.Build.0 = Release|Any CPU
		{DE47F949-40EF-4329-80D7-D4AAB72087FA}.Debug|Any CPU.ActiveCfg = Debug|Any CPU
		{DE47F949-40EF-4329-80D7-D4AAB72087FA}.Debug|Any CPU.Build.0 = Debug|Any CPU
		{DE47F949-40EF-4329-80D7-D4AAB72087FA}.Release|Any CPU.ActiveCfg = Release|Any CPU
		{DE47F949-40EF-4329-80D7-D4AAB72087FA}.Release|Any CPU.Build.0 = Release|Any CPU
		{2D60B42F-3074-494A-938E-7594AF72A7EB}.Debug|Any CPU.ActiveCfg = Debug|Any CPU
		{2D60B42F-3074-494A-938E-7594AF72A7EB}.Debug|Any CPU.Build.0 = Debug|Any CPU
		{2D60B42F-3074-494A-938E-7594AF72A7EB}.Release|Any CPU.ActiveCfg = Release|Any CPU
		{2D60B42F-3074-494A-938E-7594AF72A7EB}.Release|Any CPU.Build.0 = Release|Any CPU
		{BFEAFD15-1917-4509-858B-8C33CB57C707}.Debug|Any CPU.ActiveCfg = Debug|Any CPU
		{BFEAFD15-1917-4509-858B-8C33CB57C707}.Debug|Any CPU.Build.0 = Debug|Any CPU
		{BFEAFD15-1917-4509-858B-8C33CB57C707}.Release|Any CPU.ActiveCfg = Release|Any CPU
		{BFEAFD15-1917-4509-858B-8C33CB57C707}.Release|Any CPU.Build.0 = Release|Any CPU
	EndGlobalSection
	GlobalSection(SolutionProperties) = preSolution
		HideSolutionNode = FALSE
	EndGlobalSection
	GlobalSection(NestedProjects) = preSolution
		{C2310325-2880-4A95-846E-BB1225743E1A} = {628A7940-584E-4CC7-B714-3F7A1B194452}
		{B79897D5-EB57-4A45-A415-2EA5ED65619B} = {628A7940-584E-4CC7-B714-3F7A1B194452}
		{C14BFB41-B8F9-451B-9387-30636F70E4E1} = {628A7940-584E-4CC7-B714-3F7A1B194452}
		{EDE01C49-721E-446F-B8C7-860EDD42F0FF} = {DA446973-2AD5-4D81-BA62-59E8754E91B6}
		{97D5C8EC-CE5C-4524-AD49-6658AA3761FC} = {DA446973-2AD5-4D81-BA62-59E8754E91B6}
		{1184F7DB-0044-4917-978A-540C1C57E33E} = {DA446973-2AD5-4D81-BA62-59E8754E91B6}
		{7200A614-F26C-4D44-B3C5-B835777E4984} = {0800A65F-A505-4E74-A152-4F1F745DEA4B}
		{A7F527DB-DE0F-4110-9584-8842C4979E19} = {0800A65F-A505-4E74-A152-4F1F745DEA4B}
		{2637220E-9446-4FFA-BA07-46C292ECF514} = {0800A65F-A505-4E74-A152-4F1F745DEA4B}
		{DE47F949-40EF-4329-80D7-D4AAB72087FA} = {493A724E-8384-4296-9009-1529B2D61F60}
		{2D60B42F-3074-494A-938E-7594AF72A7EB} = {493A724E-8384-4296-9009-1529B2D61F60}
		{BFEAFD15-1917-4509-858B-8C33CB57C707} = {493A724E-8384-4296-9009-1529B2D61F60}
	EndGlobalSection
	GlobalSection(ExtensibilityGlobals) = postSolution
		SolutionGuid = {EC3C86A9-3B78-4BC9-A223-FD6708400B65}
	EndGlobalSection
EndGlobal
